
Microsoft Visual Studio Solution File, Format Version 12.00
# Visual Studio Version 17
VisualStudioVersion = 17.13.35919.96 d17.13
MinimumVisualStudioVersion = 10.0.40219.1
Project("{FAE04EC0-301F-11D3-BF4B-00C04F79EFBC}") = "Top4", "Top4\Top4.csproj", "{35ED9AAF-B985-4798-8EE7-13959EEBEC3A}"
EndProject
Global
	GlobalSection(SolutionConfigurationPlatforms) = preSolution
		Debug|Any CPU = Debug|Any CPU
		Release|Any CPU = Release|Any CPU
	EndGlobalSection
	GlobalSection(ProjectConfigurationPlatforms) = postSolution
		{35ED9AAF-B985-4798-8EE7-13959EEBEC3A}.Debug|Any CPU.ActiveCfg = Debug|Any CPU
		{35ED9AAF-B985-4798-8EE7-13959EEBEC3A}.Debug|Any CPU.Build.0 = Debug|Any CPU
		{35ED9AAF-B985-4798-8EE7-13959EEBEC3A}.Release|Any CPU.ActiveCfg = Release|Any CPU
		{35ED9AAF-B985-4798-8EE7-13959EEBEC3A}.Release|Any CPU.Build.0 = Release|Any CPU
	EndGlobalSection
	GlobalSection(SolutionProperties) = preSolution
		HideSolutionNode = FALSE
	EndGlobalSection
	GlobalSection(ExtensibilityGlobals) = postSolution
		SolutionGuid = {4D1E85CB-8F82-4DF8-A219-E0543DDCB94F}
	EndGlobalSection
EndGlobal
